
Microsoft Visual Studio Solution File, Format Version 12.00
Project("{FAE04EC0-301F-11D3-BF4B-00C04F79EFBC}") = "LaytonYSAClerk.Cli", "LaytonYSAClerk.Cli\LaytonYSAClerk.Cli.csproj", "{50844FAA-A016-4D81-AF9C-A7FFA9F56CE5}"
EndProject
Project("{FAE04EC0-301F-11D3-BF4B-00C04F79EFBC}") = "LaytonYsaClerk.EmailService", "LaytonYsaClerk.EmailService\LaytonYsaClerk.EmailService.csproj", "{2E59A3B8-3010-4BA9-BBF0-955121B05C6A}"
EndProject
Project("{FAE04EC0-301F-11D3-BF4B-00C04F79EFBC}") = "LaytonYSAClerk.WebTool", "LaytonYSAClerk.WebTool\LaytonYSAClerk.WebTool.csproj", "{F32B6FED-237E-497B-8C35-0C088D588F23}"
EndProject
Project("{FAE04EC0-301F-11D3-BF4B-00C04F79EFBC}") = "Church.Ysa.Domain", "Church.Ysa.Domain\Church.Ysa.Domain.csproj", "{40C77398-83FC-499C-90CF-C0AA57807730}"
EndProject
Project("{FAE04EC0-301F-11D3-BF4B-00C04F79EFBC}") = "WebTool.Tests.Unit", "WebTool.Tests.Unit\WebTool.Tests.Unit.csproj", "{44FCFB20-EB02-4DD0-AB08-C9E5953E2E96}"
EndProject
Project("{FAE04EC0-301F-11D3-BF4B-00C04F79EFBC}") = "YsaActivities.Api", "YsaActivities.Api\YsaActivities.Api.csproj", "{2299A052-D5A9-49A6-B08B-1588050A66F9}"
EndProject
Project("{FAE04EC0-301F-11D3-BF4B-00C04F79EFBC}") = "KaydenMiller.ApiTools", "KaydenMiller.ApiTools\KaydenMiller.ApiTools.csproj", "{0AD7AC74-A823-4E09-9393-28D3B4E6F8A4}"
EndProject
Global
	GlobalSection(SolutionConfigurationPlatforms) = preSolution
		Debug|Any CPU = Debug|Any CPU
		Release|Any CPU = Release|Any CPU
	EndGlobalSection
	GlobalSection(ProjectConfigurationPlatforms) = postSolution
		{50844FAA-A016-4D81-AF9C-A7FFA9F56CE5}.Debug|Any CPU.ActiveCfg = Debug|Any CPU
		{50844FAA-A016-4D81-AF9C-A7FFA9F56CE5}.Debug|Any CPU.Build.0 = Debug|Any CPU
		{50844FAA-A016-4D81-AF9C-A7FFA9F56CE5}.Release|Any CPU.ActiveCfg = Release|Any CPU
		{50844FAA-A016-4D81-AF9C-A7FFA9F56CE5}.Release|Any CPU.Build.0 = Release|Any CPU
		{2E59A3B8-3010-4BA9-BBF0-955121B05C6A}.Debug|Any CPU.ActiveCfg = Debug|Any CPU
		{2E59A3B8-3010-4BA9-BBF0-955121B05C6A}.Debug|Any CPU.Build.0 = Debug|Any CPU
		{2E59A3B8-3010-4BA9-BBF0-955121B05C6A}.Release|Any CPU.ActiveCfg = Release|Any CPU
		{2E59A3B8-3010-4BA9-BBF0-955121B05C6A}.Release|Any CPU.Build.0 = Release|Any CPU
		{F32B6FED-237E-497B-8C35-0C088D588F23}.Debug|Any CPU.ActiveCfg = Debug|Any CPU
		{F32B6FED-237E-497B-8C35-0C088D588F23}.Debug|Any CPU.Build.0 = Debug|Any CPU
		{F32B6FED-237E-497B-8C35-0C088D588F23}.Release|Any CPU.ActiveCfg = Release|Any CPU
		{F32B6FED-237E-497B-8C35-0C088D588F23}.Release|Any CPU.Build.0 = Release|Any CPU
		{40C77398-83FC-499C-90CF-C0AA57807730}.Debug|Any CPU.ActiveCfg = Debug|Any CPU
		{40C77398-83FC-499C-90CF-C0AA57807730}.Debug|Any CPU.Build.0 = Debug|Any CPU
		{40C77398-83FC-499C-90CF-C0AA57807730}.Release|Any CPU.ActiveCfg = Release|Any CPU
		{40C77398-83FC-499C-90CF-C0AA57807730}.Release|Any CPU.Build.0 = Release|Any CPU
		{44FCFB20-EB02-4DD0-AB08-C9E5953E2E96}.Debug|Any CPU.ActiveCfg = Debug|Any CPU
		{44FCFB20-EB02-4DD0-AB08-C9E5953E2E96}.Debug|Any CPU.Build.0 = Debug|Any CPU
		{44FCFB20-EB02-4DD0-AB08-C9E5953E2E96}.Release|Any CPU.ActiveCfg = Release|Any CPU
		{44FCFB20-EB02-4DD0-AB08-C9E5953E2E96}.Release|Any CPU.Build.0 = Release|Any CPU
		{2299A052-D5A9-49A6-B08B-1588050A66F9}.Debug|Any CPU.ActiveCfg = Debug|Any CPU
		{2299A052-D5A9-49A6-B08B-1588050A66F9}.Debug|Any CPU.Build.0 = Debug|Any CPU
		{2299A052-D5A9-49A6-B08B-1588050A66F9}.Release|Any CPU.ActiveCfg = Release|Any CPU
		{2299A052-D5A9-49A6-B08B-1588050A66F9}.Release|Any CPU.Build.0 = Release|Any CPU
		{0AD7AC74-A823-4E09-9393-28D3B4E6F8A4}.Debug|Any CPU.ActiveCfg = Debug|Any CPU
		{0AD7AC74-A823-4E09-9393-28D3B4E6F8A4}.Debug|Any CPU.Build.0 = Debug|Any CPU
		{0AD7AC74-A823-4E09-9393-28D3B4E6F8A4}.Release|Any CPU.ActiveCfg = Release|Any CPU
		{0AD7AC74-A823-4E09-9393-28D3B4E6F8A4}.Release|Any CPU.Build.0 = Release|Any CPU
	EndGlobalSection
EndGlobal
